schema: '2.0'
stages:
  data_ingestion:
    cmd: python src/data/data_ingestion.py
    deps:
    - path: src/data/data_ingestion.py
      hash: md5
      md5: caaf549d488798bd2084e75336efb97f
      size: 4219
    params:
      params.yaml:
        data_ingestion.test_size: 0.25
    outs:
    - path: data/raw
      hash: md5
      md5: 661f9e98e322fdbd4e565be133b8a748.dir
      size: 6882906
      nfiles: 2
  data_preprocessing:
    cmd: python src/data/data_preprocessing.py
    deps:
    - path: data/raw
      hash: md5
      md5: 661f9e98e322fdbd4e565be133b8a748.dir
      size: 6882906
      nfiles: 2
    - path: src/data/data_preprocessing.py
      hash: md5
      md5: 0caf3d4322a07e68476124fa3cd75e24
      size: 3747
    outs:
    - path: data/interim
      hash: md5
      md5: 28d0f447f3462af1a0629108397c4907.dir
      size: 5095933
      nfiles: 2
  model_building:
    cmd: python src/models/model_building.py
    deps:
    - path: data/interim/train_processed.csv
      hash: md5
      md5: a5fc267eaac735187fc4699767d0d70e
      size: 3857115
    - path: src/models/model_building.py
      hash: md5
      md5: abbcc9568da8fa6ff3710b27a47ebcb6
      size: 5506
    params:
      params.yaml:
        model_building.learning_rate: 0.08
        model_building.max_depth: 20
        model_building.max_features: 10000
        model_building.n_estimators: 367
        model_building.ngram_range:
        - 1
        - 3
    outs:
    - path: lgbm_model.pkl
      hash: md5
      md5: bb8a3cc31f13d7c8671b7d33248c0afc
      size: 4105386
    - path: tfidf_vectorizer.pkl
      hash: md5
      md5: a02fc98e0ac7a1e6921a83eff96a2fb6
      size: 384019
  model_evaluation:
    cmd: python src/models/model_evaluation.py
    deps:
    - path: data/interim/test_processed.csv
      hash: md5
      md5: 0d11eaf10993b74e4b6c14f3a463f61d
      size: 1238818
    - path: data/interim/train_processed.csv
      hash: md5
      md5: a5fc267eaac735187fc4699767d0d70e
      size: 3857115
    - path: lgbm_model.pkl
      hash: md5
      md5: bb8a3cc31f13d7c8671b7d33248c0afc
      size: 4105386
    - path: src/models/model_evaluation.py
      hash: md5
      md5: f1a8cdc3a6f45c96f72adb83c765441c
      size: 7773
    - path: tfidf_vectorizer.pkl
      hash: md5
      md5: a02fc98e0ac7a1e6921a83eff96a2fb6
      size: 384019
    outs:
    - path: experiment_info.json
      hash: md5
      md5: 881e327acc39848a26a64d41149e02a9
      size: 84
  model_registration:
    cmd: python src/models/register_model.py
    deps:
    - path: experiment_info.json
      hash: md5
      md5: 881e327acc39848a26a64d41149e02a9
      size: 84
    - path: src/models/register_model.py
      hash: md5
      md5: e3d7790a9394d0db4460074acb52c429
      size: 3005
